
Microsoft Visual Studio Solution File, Format Version 12.00
# Visual Studio Version 16
VisualStudioVersion = 16.0.30523.141
MinimumVisualStudioVersion = 10.0.40219.1
Project("{9A19103F-16F7-4668-BE54-9A1E7A4F7556}") = "EhiSampleApp", "EhiSampleApp\EhiSampleApp.csproj", "{CD600380-3989-41E4-B430-9B058A3CAAC1}"
EndProject
Project("{FAE04EC0-301F-11D3-BF4B-00C04F79EFBC}") = "UnitTestProject", "UnitTestProject\UnitTestProject.csproj", "{9A5A3977-A90C-4AD3-96F6-CD9D2DB93A8B}"
EndProject
Global
	GlobalSection(SolutionConfigurationPlatforms) = preSolution
		Debug|Any CPU = Debug|Any CPU
		Release|Any CPU = Release|Any CPU
	EndGlobalSection
	GlobalSection(ProjectConfigurationPlatforms) = postSolution
		{CD600380-3989-41E4-B430-9B058A3CAAC1}.Debug|Any CPU.ActiveCfg = Debug|Any CPU
		{CD600380-3989-41E4-B430-9B058A3CAAC1}.Debug|Any CPU.Build.0 = Debug|Any CPU
		{CD600380-3989-41E4-B430-9B058A3CAAC1}.Release|Any CPU.ActiveCfg = Release|Any CPU
		{CD600380-3989-41E4-B430-9B058A3CAAC1}.Release|Any CPU.Build.0 = Release|Any CPU
		{9A5A3977-A90C-4AD3-96F6-CD9D2DB93A8B}.Debug|Any CPU.ActiveCfg = Debug|Any CPU
		{9A5A3977-A90C-4AD3-96F6-CD9D2DB93A8B}.Debug|Any CPU.Build.0 = Debug|Any CPU
		{9A5A3977-A90C-4AD3-96F6-CD9D2DB93A8B}.Release|Any CPU.ActiveCfg = Release|Any CPU
		{9A5A3977-A90C-4AD3-96F6-CD9D2DB93A8B}.Release|Any CPU.Build.0 = Release|Any CPU
	EndGlobalSection
	GlobalSection(SolutionProperties) = preSolution
		HideSolutionNode = FALSE
	EndGlobalSection
	GlobalSection(ExtensibilityGlobals) = postSolution
		SolutionGuid = {AB147970-DF0A-440F-988F-1FB8BCABA273}
	EndGlobalSection
EndGlobal
